
Microsoft Visual Studio Solution File, Format Version 12.00
# Visual Studio Version 17
VisualStudioVersion = 17.7.34031.279
MinimumVisualStudioVersion = 10.0.40219.1
Project("{FAE04EC0-301F-11D3-BF4B-00C04F79EFBC}") = "Arduino", "Arduino\Arduino.csproj", "{0B7F2F39-7919-4BB6-9BF5-689B3CE9D351}"
EndProject
Global
	GlobalSection(SolutionConfigurationPlatforms) = preSolution
		Debug|Any CPU = Debug|Any CPU
		Release|Any CPU = Release|Any CPU
	EndGlobalSection
	GlobalSection(ProjectConfigurationPlatforms) = postSolution
		{0B7F2F39-7919-4BB6-9BF5-689B3CE9D351}.Debug|Any CPU.ActiveCfg = Debug|Any CPU
		{0B7F2F39-7919-4BB6-9BF5-689B3CE9D351}.Debug|Any CPU.Build.0 = Debug|Any CPU
		{0B7F2F39-7919-4BB6-9BF5-689B3CE9D351}.Release|Any CPU.ActiveCfg = Release|Any CPU
		{0B7F2F39-7919-4BB6-9BF5-689B3CE9D351}.Release|Any CPU.Build.0 = Release|Any CPU
	EndGlobalSection
	GlobalSection(SolutionProperties) = preSolution
		HideSolutionNode = FALSE
	EndGlobalSection
	GlobalSection(ExtensibilityGlobals) = postSolution
		SolutionGuid = {D86436CE-ACD8-490A-9AF2-CA607460CB38}
	EndGlobalSection
EndGlobal
